
Microsoft Visual Studio Solution File, Format Version 12.00
# Visual Studio Version 17
VisualStudioVersion = 17.12.35527.113
MinimumVisualStudioVersion = 10.0.40219.1
Project("{FAE04EC0-301F-11D3-BF4B-00C04F79EFBC}") = "APISYSTEMSALE", "APISYSTEM\APISYSTEMSALE.csproj", "{926342AB-2327-4CD6-8546-84FAE1CA8B54}"
EndProject
Project("{FAE04EC0-301F-11D3-BF4B-00C04F79EFBC}") = "SYSTEMSALE.DAL", "SYSTEMSALE.DAL\SYSTEMSALE.DAL.csproj", "{49762003-408E-4E91-9D57-322DC8D3A8FC}"
EndProject
Project("{FAE04EC0-301F-11D3-BF4B-00C04F79EFBC}") = "SYSTEMSALE.BLL", "SYSTEMSALE.BLL\SYSTEMSALE.BLL.csproj", "{D77CF30F-0CA7-4F2B-8338-514DCF2BFB24}"
EndProject
Project("{FAE04EC0-301F-11D3-BF4B-00C04F79EFBC}") = "SYSTEMSALE.MODEL", "SYSTEMSALE.MODEL\SYSTEMSALE.MODEL.csproj", "{B7DFAD24-92B1-4C99-9131-B89973C21E42}"
EndProject
Project("{FAE04EC0-301F-11D3-BF4B-00C04F79EFBC}") = "SYSTEMSALE.IOC", "SYSTEMSALE.IOC\SYSTEMSALE.IOC.csproj", "{BEB81830-AAF8-44FE-880E-08CE83FD7AA3}"
EndProject
Project("{FAE04EC0-301F-11D3-BF4B-00C04F79EFBC}") = "SYSTEMSALE.DTO", "SYSTEMSALE.DTO\SYSTEMSALE.DTO.csproj", "{2A4F0F70-9B17-497E-A2F0-70CB21F6AADD}"
EndProject
Project("{FAE04EC0-301F-11D3-BF4B-00C04F79EFBC}") = "SYSTEMSALE.UTILITY", "SYSTEMSALE.UTILITY\SYSTEMSALE.UTILITY.csproj", "{194F787E-5CCD-4559-9A1B-F927CA10E2C7}"
EndProject
Global
	GlobalSection(SolutionConfigurationPlatforms) = preSolution
		Debug|Any CPU = Debug|Any CPU
		Release|Any CPU = Release|Any CPU
	EndGlobalSection
	GlobalSection(ProjectConfigurationPlatforms) = postSolution
		{926342AB-2327-4CD6-8546-84FAE1CA8B54}.Debug|Any CPU.ActiveCfg = Debug|Any CPU
		{926342AB-2327-4CD6-8546-84FAE1CA8B54}.Debug|Any CPU.Build.0 = Debug|Any CPU
		{926342AB-2327-4CD6-8546-84FAE1CA8B54}.Release|Any CPU.ActiveCfg = Release|Any CPU
		{926342AB-2327-4CD6-8546-84FAE1CA8B54}.Release|Any CPU.Build.0 = Release|Any CPU
		{49762003-408E-4E91-9D57-322DC8D3A8FC}.Debug|Any CPU.ActiveCfg = Debug|Any CPU
		{49762003-408E-4E91-9D57-322DC8D3A8FC}.Debug|Any CPU.Build.0 = Debug|Any CPU
		{49762003-408E-4E91-9D57-322DC8D3A8FC}.Release|Any CPU.ActiveCfg = Release|Any CPU
		{49762003-408E-4E91-9D57-322DC8D3A8FC}.Release|Any CPU.Build.0 = Release|Any CPU
		{D77CF30F-0CA7-4F2B-8338-514DCF2BFB24}.Debug|Any CPU.ActiveCfg = Debug|Any CPU
		{D77CF30F-0CA7-4F2B-8338-514DCF2BFB24}.Debug|Any CPU.Build.0 = Debug|Any CPU
		{D77CF30F-0CA7-4F2B-8338-514DCF2BFB24}.Release|Any CPU.ActiveCfg = Release|Any CPU
		{D77CF30F-0CA7-4F2B-8338-514DCF2BFB24}.Release|Any CPU.Build.0 = Release|Any CPU
		{B7DFAD24-92B1-4C99-9131-B89973C21E42}.Debug|Any CPU.ActiveCfg = Debug|Any CPU
		{B7DFAD24-92B1-4C99-9131-B89973C21E42}.Debug|Any CPU.Build.0 = Debug|Any CPU
		{B7DFAD24-92B1-4C99-9131-B89973C21E42}.Release|Any CPU.ActiveCfg = Release|Any CPU
		{B7DFAD24-92B1-4C99-9131-B89973C21E42}.Release|Any CPU.Build.0 = Release|Any CPU
		{BEB81830-AAF8-44FE-880E-08CE83FD7AA3}.Debug|Any CPU.ActiveCfg = Debug|Any CPU
		{BEB81830-AAF8-44FE-880E-08CE83FD7AA3}.Debug|Any CPU.Build.0 = Debug|Any CPU
		{BEB81830-AAF8-44FE-880E-08CE83FD7AA3}.Release|Any CPU.ActiveCfg = Release|Any CPU
		{BEB81830-AAF8-44FE-880E-08CE83FD7AA3}.Release|Any CPU.Build.0 = Release|Any CPU
		{2A4F0F70-9B17-497E-A2F0-70CB21F6AADD}.Debug|Any CPU.ActiveCfg = Debug|Any CPU
		{2A4F0F70-9B17-497E-A2F0-70CB21F6AADD}.Debug|Any CPU.Build.0 = Debug|Any CPU
		{2A4F0F70-9B17-497E-A2F0-70CB21F6AADD}.Release|Any CPU.ActiveCfg = Release|Any CPU
		{2A4F0F70-9B17-497E-A2F0-70CB21F6AADD}.Release|Any CPU.Build.0 = Release|Any CPU
		{194F787E-5CCD-4559-9A1B-F927CA10E2C7}.Debug|Any CPU.ActiveCfg = Debug|Any CPU
		{194F787E-5CCD-4559-9A1B-F927CA10E2C7}.Debug|Any CPU.Build.0 = Debug|Any CPU
		{194F787E-5CCD-4559-9A1B-F927CA10E2C7}.Release|Any CPU.ActiveCfg = Release|Any CPU
		{194F787E-5CCD-4559-9A1B-F927CA10E2C7}.Release|Any CPU.Build.0 = Release|Any CPU
	EndGlobalSection
	GlobalSection(SolutionProperties) = preSolution
		HideSolutionNode = FALSE
	EndGlobalSection
EndGlobal
